
Microsoft Visual Studio Solution File, Format Version 12.00
# Visual Studio Version 16
VisualStudioVersion = 16.0.30320.27
MinimumVisualStudioVersion = 10.0.40219.1
Project("{FAE04EC0-301F-11D3-BF4B-00C04F79EFBC}") = "RandomComplementGenerator", "RandomComplementGenerator\RandomComplementGenerator.csproj", "{EABBDE1F-728B-4582-979E-5000C84740BD}"
EndProject
Global
	GlobalSection(SolutionConfigurationPlatforms) = preSolution
		Debug|Any CPU = Debug|Any CPU
		Release|Any CPU = Release|Any CPU
	EndGlobalSection
	GlobalSection(ProjectConfigurationPlatforms) = postSolution
		{EABBDE1F-728B-4582-979E-5000C84740BD}.Debug|Any CPU.ActiveCfg = Debug|Any CPU
		{EABBDE1F-728B-4582-979E-5000C84740BD}.Debug|Any CPU.Build.0 = Debug|Any CPU
		{EABBDE1F-728B-4582-979E-5000C84740BD}.Release|Any CPU.ActiveCfg = Release|Any CPU
		{EABBDE1F-728B-4582-979E-5000C84740BD}.Release|Any CPU.Build.0 = Release|Any CPU
	EndGlobalSection
	GlobalSection(SolutionProperties) = preSolution
		HideSolutionNode = FALSE
	EndGlobalSection
	GlobalSection(ExtensibilityGlobals) = postSolution
		SolutionGuid = {540A5425-2897-47BC-8A9E-D2F53F95245D}
	EndGlobalSection
EndGlobal
